{
  "name": "aula1PW",
  "version": "1.0.0",
  "lockfileVersion": 1,
  "requires": true,
  "dependencies": {
    "detect-libc": {
      "version": "1.0.3",
      "resolved": "https://registry.npmjs.org/detect-libc/-/detect-libc-1.0.3.tgz",
      "integrity": "sha1-+hN8S9aY7fVc1c0CrFWfkaTEups="
    },
    "fibers": {
      "version": "5.0.1",
      "resolved": "https://registry.npmjs.org/fibers/-/fibers-5.0.1.tgz",
      "integrity": "sha512-VMC7Frt87Oo0AOJ6EcPFbi+tZmkQ4tD85aatwyWL6I9cYMJmm2e+pXUJsfGZ36U7MffXtjou2XIiWJMtHriErw==",
      "requires": {
        "detect-libc": "^1.0.3"
      }
    },
    "readline": {
      "version": "1.3.0",
      "resolved": "https://registry.npmjs.org/readline/-/readline-1.3.0.tgz",
      "integrity": "sha1-xYDXfvLPyHUrEySYBg3JeTp6wBw="
    },
    "sync": {
      "version": "0.2.5",
      "resolved": "https://registry.npmjs.org/sync/-/sync-0.2.5.tgz",
      "integrity": "sha1-ORC7m2ar7lZULi5w8M5UkDElLfY=",
      "requires": {
        "fibers": ">=0.6"
      }
    }
  }
}
